PODS:
  - AFNetworking (2.4.1):
    - AFNetworking/NSURLConnection
    - AFNetworking/NSURLSession
    - AFNetworking/Reachability
    - AFNetworking/Security
    - AFNetworking/Serialization
    - AFNetworking/UIKit
  - AFNetworking/NSURLConnection (2.4.1):
    - AFNetworking/Reachability
    - AFNetworking/Security
    - AFNetworking/Serialization
  - AFNetworking/NSURLSession (2.4.1):
    - AFNetworking/Reachability
    - AFNetworking/Security
    - AFNetworking/Serialization
  - AFNetworking/Reachability (2.4.1)
  - AFNetworking/Security (2.4.1)
  - AFNetworking/Serialization (2.4.1)
  - AFNetworking/UIKit (2.4.1):
    - AFNetworking/NSURLConnection
    - AFNetworking/NSURLSession
  - Bolts (1.1.2)
  - Facebook-iOS-SDK (3.17.0):
    - Bolts
  - FlickrKit (1.0.3)
  - InstagramKit (3.1.1):
    - AFNetworking (~> 2.0)
  - SDWebImage (3.7.1):
    - SDWebImage/Core
  - SDWebImage/Core (3.7.1)

DEPENDENCIES:
  - Facebook-iOS-SDK
  - FlickrKit
  - InstagramKit
  - SDWebImage

SPEC CHECKSUMS:
  AFNetworking: 0aabc6fae66d6e5d039eeb21c315843c7aae51ab
  Bolts: 2635e8698a630774689441047f3465d78c48d485
  Facebook-iOS-SDK: f20274d809f112ba540842e2b6cbe50128d51b7b
  FlickrKit: 884ea0173b3f8a1f56fd418f2ae635a03a852294
  InstagramKit: 9ad28b1e68ab0078fdd1ff40825d977f9dfc59c5
  SDWebImage: 116e88633b5b416ea0ca4b334a4ac59cf72dd38d

COCOAPODS: 0.33.1
