<?xml version="1.0" encoding="UTF-8"?>
<!DOCTYPE plist PUBLIC "-//Apple//DTD PLIST 1.0//EN" "http://www.apple.com/DTDs/PropertyList-1.0.dtd">
<plist version="1.0">
<dict>
	<key>archiveVersion</key>
	<string>1</string>
	<key>classes</key>
	<dict/>
	<key>objectVersion</key>
	<string>46</string>
	<key>objects</key>
	<dict>
		<key>361DE8CAE0C17B61E2F0A0FA</key>
		<dict>
			<key>includeInIndex</key>
			<string>1</string>
			<key>isa</key>
			<string>PBXFileReference</string>
			<key>lastKnownFileType</key>
			<string>text.xcconfig</string>
			<key>name</key>
			<string>Pods-OnlineImagePicker.release.xcconfig</string>
			<key>path</key>
			<string>Pods/Target Support Files/Pods-OnlineImagePicker/Pods-OnlineImagePicker.release.xcconfig</string>
			<key>sourceTree</key>
			<string>&lt;group&gt;</string>
		</dict>
		<key>573BD8BC62311D3B2F3CC121</key>
		<dict>
			<key>fileRef</key>
			<string>92E49985962E551C7F1C9A44</string>
			<key>isa</key>
			<string>PBXBuildFile</string>
		</dict>
		<key>6003F581195388D10070C39A</key>
		<dict>
			<key>children</key>
			<array>
				<string>60FF7A9C1954A5C5007DD14C</string>
				<string>BD67B84E19D70826005C8FD2</string>
				<string>BD67B85C19D70878005C8FD2</string>
				<string>BD67B87119D708D7005C8FD2</string>
				<string>BD67B86119D7089C005C8FD2</string>
				<string>BD67B86219D708AD005C8FD2</string>
				<string>BD67B86319D708B7005C8FD2</string>
				<string>BD67B86819D708C5005C8FD2</string>
				<string>BD67B87619D73600005C8FD2</string>
				<string>6003F593195388D20070C39A</string>
				<string>6003F5B5195388D20070C39A</string>
				<string>6003F58C195388D20070C39A</string>
				<string>6003F58B195388D20070C39A</string>
				<string>C2B1A510A1F402602B5A6952</string>
			</array>
			<key>isa</key>
			<string>PBXGroup</string>
			<key>sourceTree</key>
			<string>&lt;group&gt;</string>
		</dict>
		<key>6003F582195388D10070C39A</key>
		<dict>
			<key>attributes</key>
			<dict>
				<key>CLASSPREFIX</key>
				<string>OnlineImage</string>
				<key>LastUpgradeCheck</key>
				<string>0510</string>
				<key>ORGANIZATIONNAME</key>
				<string>David Gileadi</string>
				<key>TargetAttributes</key>
				<dict>
					<key>6003F5AD195388D20070C39A</key>
					<dict>
						<key>TestTargetID</key>
						<string>6003F589195388D20070C39A</string>
					</dict>
				</dict>
			</dict>
			<key>buildConfigurationList</key>
			<string>6003F585195388D10070C39A</string>
			<key>compatibilityVersion</key>
			<string>Xcode 3.2</string>
			<key>developmentRegion</key>
			<string>English</string>
			<key>hasScannedForEncodings</key>
			<string>0</string>
			<key>isa</key>
			<string>PBXProject</string>
			<key>knownRegions</key>
			<array>
				<string>en</string>
				<string>Base</string>
			</array>
			<key>mainGroup</key>
			<string>6003F581195388D10070C39A</string>
			<key>productRefGroup</key>
			<string>6003F58B195388D20070C39A</string>
			<key>projectDirPath</key>
			<string></string>
			<key>projectReferences</key>
			<array/>
			<key>projectRoot</key>
			<string></string>
			<key>targets</key>
			<array>
				<string>6003F589195388D20070C39A</string>
				<string>6003F5AD195388D20070C39A</string>
			</array>
		</dict>
		<key>6003F585195388D10070C39A</key>
		<dict>
			<key>buildConfigurations</key>
			<array>
				<string>6003F5BD195388D20070C39A</string>
				<string>6003F5BE195388D20070C39A</string>
			</array>
			<key>defaultConfigurationIsVisible</key>
			<string>0</string>
			<key>defaultConfigurationName</key>
			<string>Release</string>
			<key>isa</key>
			<string>XCConfigurationList</string>
		</dict>
		<key>6003F586195388D20070C39A</key>
		<dict>
			<key>buildActionMask</key>
			<string>2147483647</string>
			<key>files</key>
			<array>
				<string>6003F59E195388D20070C39A</string>
				<string>6003F5A7195388D20070C39A</string>
				<string>6003F59A195388D20070C39A</string>
			</array>
			<key>isa</key>
			<string>PBXSourcesBuildPhase</string>
			<key>runOnlyForDeploymentPostprocessing</key>
			<string>0</string>
		</dict>
		<key>6003F587195388D20070C39A</key>
		<dict>
			<key>buildActionMask</key>
			<string>2147483647</string>
			<key>files</key>
			<array>
				<string>6003F590195388D20070C39A</string>
				<string>6003F592195388D20070C39A</string>
				<string>6003F58E195388D20070C39A</string>
				<string>E1FDC6ED07C3BB1C0060A58F</string>
			</array>
			<key>isa</key>
			<string>PBXFrameworksBuildPhase</string>
			<key>runOnlyForDeploymentPostprocessing</key>
			<string>0</string>
		</dict>
		<key>6003F588195388D20070C39A</key>
		<dict>
			<key>buildActionMask</key>
			<string>2147483647</string>
			<key>files</key>
			<array>
				<string>6003F5A4195388D20070C39A</string>
				<string>6003F5A9195388D20070C39A</string>
				<string>6003F5A1195388D20070C39A</string>
				<string>6003F598195388D20070C39A</string>
			</array>
			<key>isa</key>
			<string>PBXResourcesBuildPhase</string>
			<key>runOnlyForDeploymentPostprocessing</key>
			<string>0</string>
		</dict>
		<key>6003F589195388D20070C39A</key>
		<dict>
			<key>buildConfigurationList</key>
			<string>6003F5BF195388D20070C39A</string>
			<key>buildPhases</key>
			<array>
				<string>978E2F92B42E994238F4D391</string>
				<string>6003F586195388D20070C39A</string>
				<string>6003F587195388D20070C39A</string>
				<string>6003F588195388D20070C39A</string>
				<string>9A6F0B7CB87A1D1DEDA28893</string>
			</array>
			<key>buildRules</key>
			<array/>
			<key>dependencies</key>
			<array/>
			<key>isa</key>
			<string>PBXNativeTarget</string>
			<key>name</key>
			<string>OnlineImagePicker</string>
			<key>productName</key>
			<string>OnlineImagePicker</string>
			<key>productReference</key>
			<string>6003F58A195388D20070C39A</string>
			<key>productType</key>
			<string>com.apple.product-type.application</string>
		</dict>
		<key>6003F58A195388D20070C39A</key>
		<dict>
			<key>explicitFileType</key>
			<string>wrapper.application</string>
			<key>includeInIndex</key>
			<string>0</string>
			<key>isa</key>
			<string>PBXFileReference</string>
			<key>path</key>
			<string>OnlineImagePicker.app</string>
			<key>sourceTree</key>
			<string>BUILT_PRODUCTS_DIR</string>
		</dict>
		<key>6003F58B195388D20070C39A</key>
		<dict>
			<key>children</key>
			<array>
				<string>6003F58A195388D20070C39A</string>
				<string>6003F5AE195388D20070C39A</string>
			</array>
			<key>isa</key>
			<string>PBXGroup</string>
			<key>name</key>
			<string>Products</string>
			<key>sourceTree</key>
			<string>&lt;group&gt;</string>
		</dict>
		<key>6003F58C195388D20070C39A</key>
		<dict>
			<key>children</key>
			<array>
				<string>6003F58D195388D20070C39A</string>
				<string>6003F58F195388D20070C39A</string>
				<string>6003F591195388D20070C39A</string>
				<string>6003F5AF195388D20070C39A</string>
				<string>970E8CCD970EB28DE390B8D0</string>
				<string>92E49985962E551C7F1C9A44</string>
			</array>
			<key>isa</key>
			<string>PBXGroup</string>
			<key>name</key>
			<string>Frameworks</string>
			<key>sourceTree</key>
			<string>&lt;group&gt;</string>
		</dict>
		<key>6003F58D195388D20070C39A</key>
		<dict>
			<key>isa</key>
			<string>PBXFileReference</string>
			<key>lastKnownFileType</key>
			<string>wrapper.framework</string>
			<key>name</key>
			<string>Foundation.framework</string>
			<key>path</key>
			<string>System/Library/Frameworks/Foundation.framework</string>
			<key>sourceTree</key>
			<string>SDKROOT</string>
		</dict>
		<key>6003F58E195388D20070C39A</key>
		<dict>
			<key>fileRef</key>
			<string>6003F58D195388D20070C39A</string>
			<key>isa</key>
			<string>PBXBuildFile</string>
		</dict>
		<key>6003F58F195388D20070C39A</key>
		<dict>
			<key>isa</key>
			<string>PBXFileReference</string>
			<key>lastKnownFileType</key>
			<string>wrapper.framework</string>
			<key>name</key>
			<string>CoreGraphics.framework</string>
			<key>path</key>
			<string>System/Library/Frameworks/CoreGraphics.framework</string>
			<key>sourceTree</key>
			<string>SDKROOT</string>
		</dict>
		<key>6003F590195388D20070C39A</key>
		<dict>
			<key>fileRef</key>
			<string>6003F58F195388D20070C39A</string>
			<key>isa</key>
			<string>PBXBuildFile</string>
		</dict>
		<key>6003F591195388D20070C39A</key>
		<dict>
			<key>isa</key>
			<string>PBXFileReference</string>
			<key>lastKnownFileType</key>
			<string>wrapper.framework</string>
			<key>name</key>
			<string>UIKit.framework</string>
			<key>path</key>
			<string>System/Library/Frameworks/UIKit.framework</string>
			<key>sourceTree</key>
			<string>SDKROOT</string>
		</dict>
		<key>6003F592195388D20070C39A</key>
		<dict>
			<key>fileRef</key>
			<string>6003F591195388D20070C39A</string>
			<key>isa</key>
			<string>PBXBuildFile</string>
		</dict>
		<key>6003F593195388D20070C39A</key>
		<dict>
			<key>children</key>
			<array>
				<string>6003F59C195388D20070C39A</string>
				<string>6003F59D195388D20070C39A</string>
				<string>6003F59F195388D20070C39A</string>
				<string>6003F5A2195388D20070C39A</string>
				<string>6003F5A5195388D20070C39A</string>
				<string>6003F5A6195388D20070C39A</string>
				<string>6003F5A8195388D20070C39A</string>
				<string>6003F594195388D20070C39A</string>
			</array>
			<key>isa</key>
			<string>PBXGroup</string>
			<key>name</key>
			<string>Example</string>
			<key>path</key>
			<string>OnlineImagePicker</string>
			<key>sourceTree</key>
			<string>&lt;group&gt;</string>
		</dict>
		<key>6003F594195388D20070C39A</key>
		<dict>
			<key>children</key>
			<array>
				<string>6003F595195388D20070C39A</string>
				<string>6003F596195388D20070C39A</string>
				<string>6003F599195388D20070C39A</string>
				<string>6003F59B195388D20070C39A</string>
			</array>
			<key>isa</key>
			<string>PBXGroup</string>
			<key>name</key>
			<string>Supporting Files</string>
			<key>sourceTree</key>
			<string>&lt;group&gt;</string>
		</dict>
		<key>6003F595195388D20070C39A</key>
		<dict>
			<key>isa</key>
			<string>PBXFileReference</string>
			<key>lastKnownFileType</key>
			<string>text.plist.xml</string>
			<key>path</key>
			<string>OnlineImagePicker-Info.plist</string>
			<key>sourceTree</key>
			<string>&lt;group&gt;</string>
		</dict>
		<key>6003F596195388D20070C39A</key>
		<dict>
			<key>children</key>
			<array>
				<string>6003F597195388D20070C39A</string>
			</array>
			<key>isa</key>
			<string>PBXVariantGroup</string>
			<key>name</key>
			<string>InfoPlist.strings</string>
			<key>sourceTree</key>
			<string>&lt;group&gt;</string>
		</dict>
		<key>6003F597195388D20070C39A</key>
		<dict>
			<key>isa</key>
			<string>PBXFileReference</string>
			<key>lastKnownFileType</key>
			<string>text.plist.strings</string>
			<key>name</key>
			<string>en</string>
			<key>path</key>
			<string>en.lproj/InfoPlist.strings</string>
			<key>sourceTree</key>
			<string>&lt;group&gt;</string>
		</dict>
		<key>6003F598195388D20070C39A</key>
		<dict>
			<key>fileRef</key>
			<string>6003F596195388D20070C39A</string>
			<key>isa</key>
			<string>PBXBuildFile</string>
		</dict>
		<key>6003F599195388D20070C39A</key>
		<dict>
			<key>isa</key>
			<string>PBXFileReference</string>
			<key>lastKnownFileType</key>
			<string>sourcecode.c.objc</string>
			<key>path</key>
			<string>main.m</string>
			<key>sourceTree</key>
			<string>&lt;group&gt;</string>
		</dict>
		<key>6003F59A195388D20070C39A</key>
		<dict>
			<key>fileRef</key>
			<string>6003F599195388D20070C39A</string>
			<key>isa</key>
			<string>PBXBuildFile</string>
		</dict>
		<key>6003F59B195388D20070C39A</key>
		<dict>
			<key>isa</key>
			<string>PBXFileReference</string>
			<key>lastKnownFileType</key>
			<string>sourcecode.c.h</string>
			<key>path</key>
			<string>OnlineImagePicker-Prefix.pch</string>
			<key>sourceTree</key>
			<string>&lt;group&gt;</string>
		</dict>
		<key>6003F59C195388D20070C39A</key>
		<dict>
			<key>isa</key>
			<string>PBXFileReference</string>
			<key>lastKnownFileType</key>
			<string>sourcecode.c.h</string>
			<key>path</key>
			<string>OnlineImageAppDelegate.h</string>
			<key>sourceTree</key>
			<string>&lt;group&gt;</string>
		</dict>
		<key>6003F59D195388D20070C39A</key>
		<dict>
			<key>isa</key>
			<string>PBXFileReference</string>
			<key>lastKnownFileType</key>
			<string>sourcecode.c.objc</string>
			<key>path</key>
			<string>OnlineImageAppDelegate.m</string>
			<key>sourceTree</key>
			<string>&lt;group&gt;</string>
		</dict>
		<key>6003F59E195388D20070C39A</key>
		<dict>
			<key>fileRef</key>
			<string>6003F59D195388D20070C39A</string>
			<key>isa</key>
			<string>PBXBuildFile</string>
		</dict>
		<key>6003F59F195388D20070C39A</key>
		<dict>
			<key>children</key>
			<array>
				<string>6003F5A0195388D20070C39A</string>
			</array>
			<key>isa</key>
			<string>PBXVariantGroup</string>
			<key>name</key>
			<string>Main_iPhone.storyboard</string>
			<key>sourceTree</key>
			<string>&lt;group&gt;</string>
		</dict>
		<key>6003F5A0195388D20070C39A</key>
		<dict>
			<key>isa</key>
			<string>PBXFileReference</string>
			<key>lastKnownFileType</key>
			<string>file.storyboard</string>
			<key>name</key>
			<string>Base</string>
			<key>path</key>
			<string>Base.lproj/Main_iPhone.storyboard</string>
			<key>sourceTree</key>
			<string>&lt;group&gt;</string>
		</dict>
		<key>6003F5A1195388D20070C39A</key>
		<dict>
			<key>fileRef</key>
			<string>6003F59F195388D20070C39A</string>
			<key>isa</key>
			<string>PBXBuildFile</string>
		</dict>
		<key>6003F5A2195388D20070C39A</key>
		<dict>
			<key>children</key>
			<array>
				<string>6003F5A3195388D20070C39A</string>
			</array>
			<key>isa</key>
			<string>PBXVariantGroup</string>
			<key>name</key>
			<string>Main_iPad.storyboard</string>
			<key>sourceTree</key>
			<string>&lt;group&gt;</string>
		</dict>
		<key>6003F5A3195388D20070C39A</key>
		<dict>
			<key>isa</key>
			<string>PBXFileReference</string>
			<key>lastKnownFileType</key>
			<string>file.storyboard</string>
			<key>name</key>
			<string>Base</string>
			<key>path</key>
			<string>Base.lproj/Main_iPad.storyboard</string>
			<key>sourceTree</key>
			<string>&lt;group&gt;</string>
		</dict>
		<key>6003F5A4195388D20070C39A</key>
		<dict>
			<key>fileRef</key>
			<string>6003F5A2195388D20070C39A</string>
			<key>isa</key>
			<string>PBXBuildFile</string>
		</dict>
		<key>6003F5A5195388D20070C39A</key>
		<dict>
			<key>isa</key>
			<string>PBXFileReference</string>
			<key>lastKnownFileType</key>
			<string>sourcecode.c.h</string>
			<key>path</key>
			<string>OnlineImageViewController.h</string>
			<key>sourceTree</key>
			<string>&lt;group&gt;</string>
		</dict>
		<key>6003F5A6195388D20070C39A</key>
		<dict>
			<key>isa</key>
			<string>PBXFileReference</string>
			<key>lastKnownFileType</key>
			<string>sourcecode.c.objc</string>
			<key>path</key>
			<string>OnlineImageViewController.m</string>
			<key>sourceTree</key>
			<string>&lt;group&gt;</string>
		</dict>
		<key>6003F5A7195388D20070C39A</key>
		<dict>
			<key>fileRef</key>
			<string>6003F5A6195388D20070C39A</string>
			<key>isa</key>
			<string>PBXBuildFile</string>
		</dict>
		<key>6003F5A8195388D20070C39A</key>
		<dict>
			<key>isa</key>
			<string>PBXFileReference</string>
			<key>lastKnownFileType</key>
			<string>folder.assetcatalog</string>
			<key>path</key>
			<string>Images.xcassets</string>
			<key>sourceTree</key>
			<string>&lt;group&gt;</string>
		</dict>
		<key>6003F5A9195388D20070C39A</key>
		<dict>
			<key>fileRef</key>
			<string>6003F5A8195388D20070C39A</string>
			<key>isa</key>
			<string>PBXBuildFile</string>
		</dict>
		<key>6003F5AA195388D20070C39A</key>
		<dict>
			<key>buildActionMask</key>
			<string>2147483647</string>
			<key>files</key>
			<array>
				<string>6003F5BC195388D20070C39A</string>
			</array>
			<key>isa</key>
			<string>PBXSourcesBuildPhase</string>
			<key>runOnlyForDeploymentPostprocessing</key>
			<string>0</string>
		</dict>
		<key>6003F5AB195388D20070C39A</key>
		<dict>
			<key>buildActionMask</key>
			<string>2147483647</string>
			<key>files</key>
			<array>
				<string>6003F5B0195388D20070C39A</string>
				<string>6003F5B2195388D20070C39A</string>
				<string>6003F5B1195388D20070C39A</string>
				<string>573BD8BC62311D3B2F3CC121</string>
			</array>
			<key>isa</key>
			<string>PBXFrameworksBuildPhase</string>
			<key>runOnlyForDeploymentPostprocessing</key>
			<string>0</string>
		</dict>
		<key>6003F5AC195388D20070C39A</key>
		<dict>
			<key>buildActionMask</key>
			<string>2147483647</string>
			<key>files</key>
			<array>
				<string>6003F5BA195388D20070C39A</string>
			</array>
			<key>isa</key>
			<string>PBXResourcesBuildPhase</string>
			<key>runOnlyForDeploymentPostprocessing</key>
			<string>0</string>
		</dict>
		<key>6003F5AD195388D20070C39A</key>
		<dict>
			<key>buildConfigurationList</key>
			<string>6003F5C2195388D20070C39A</string>
			<key>buildPhases</key>
			<array>
				<string>8FEB229CF19C093F1787D9D4</string>
				<string>6003F5AA195388D20070C39A</string>
				<string>6003F5AB195388D20070C39A</string>
				<string>6003F5AC195388D20070C39A</string>
				<string>A88EEF3EB1546308398AF621</string>
			</array>
			<key>buildRules</key>
			<array/>
			<key>dependencies</key>
			<array>
				<string>6003F5B4195388D20070C39A</string>
			</array>
			<key>isa</key>
			<string>PBXNativeTarget</string>
			<key>name</key>
			<string>Tests</string>
			<key>productName</key>
			<string>OnlineImagePickerTests</string>
			<key>productReference</key>
			<string>6003F5AE195388D20070C39A</string>
			<key>productType</key>
			<string>com.apple.product-type.bundle.unit-test</string>
		</dict>
		<key>6003F5AE195388D20070C39A</key>
		<dict>
			<key>explicitFileType</key>
			<string>wrapper.cfbundle</string>
			<key>includeInIndex</key>
			<string>0</string>
			<key>isa</key>
			<string>PBXFileReference</string>
			<key>path</key>
			<string>Tests.xctest</string>
			<key>sourceTree</key>
			<string>BUILT_PRODUCTS_DIR</string>
		</dict>
		<key>6003F5AF195388D20070C39A</key>
		<dict>
			<key>isa</key>
			<string>PBXFileReference</string>
			<key>lastKnownFileType</key>
			<string>wrapper.framework</string>
			<key>name</key>
			<string>XCTest.framework</string>
			<key>path</key>
			<string>Library/Frameworks/XCTest.framework</string>
			<key>sourceTree</key>
			<string>DEVELOPER_DIR</string>
		</dict>
		<key>6003F5B0195388D20070C39A</key>
		<dict>
			<key>fileRef</key>
			<string>6003F5AF195388D20070C39A</string>
			<key>isa</key>
			<string>PBXBuildFile</string>
		</dict>
		<key>6003F5B1195388D20070C39A</key>
		<dict>
			<key>fileRef</key>
			<string>6003F58D195388D20070C39A</string>
			<key>isa</key>
			<string>PBXBuildFile</string>
		</dict>
		<key>6003F5B2195388D20070C39A</key>
		<dict>
			<key>fileRef</key>
			<string>6003F591195388D20070C39A</string>
			<key>isa</key>
			<string>PBXBuildFile</string>
		</dict>
		<key>6003F5B3195388D20070C39A</key>
		<dict>
			<key>containerPortal</key>
			<string>6003F582195388D10070C39A</string>
			<key>isa</key>
			<string>PBXContainerItemProxy</string>
			<key>proxyType</key>
			<string>1</string>
			<key>remoteGlobalIDString</key>
			<string>6003F589195388D20070C39A</string>
			<key>remoteInfo</key>
			<string>OnlineImagePicker</string>
		</dict>
		<key>6003F5B4195388D20070C39A</key>
		<dict>
			<key>isa</key>
			<string>PBXTargetDependency</string>
			<key>target</key>
			<string>6003F589195388D20070C39A</string>
			<key>targetProxy</key>
			<string>6003F5B3195388D20070C39A</string>
		</dict>
		<key>6003F5B5195388D20070C39A</key>
		<dict>
			<key>children</key>
			<array>
				<string>6003F5BB195388D20070C39A</string>
				<string>6003F5B6195388D20070C39A</string>
			</array>
			<key>isa</key>
			<string>PBXGroup</string>
			<key>path</key>
			<string>Tests</string>
			<key>sourceTree</key>
			<string>&lt;group&gt;</string>
		</dict>
		<key>6003F5B6195388D20070C39A</key>
		<dict>
			<key>children</key>
			<array>
				<string>6003F5B7195388D20070C39A</string>
				<string>6003F5B8195388D20070C39A</string>
				<string>606FC2411953D9B200FFA9A0</string>
			</array>
			<key>isa</key>
			<string>PBXGroup</string>
			<key>name</key>
			<string>Supporting Files</string>
			<key>sourceTree</key>
			<string>&lt;group&gt;</string>
		</dict>
		<key>6003F5B7195388D20070C39A</key>
		<dict>
			<key>isa</key>
			<string>PBXFileReference</string>
			<key>lastKnownFileType</key>
			<string>text.plist.xml</string>
			<key>path</key>
			<string>Tests-Info.plist</string>
			<key>sourceTree</key>
			<string>&lt;group&gt;</string>
		</dict>
		<key>6003F5B8195388D20070C39A</key>
		<dict>
			<key>children</key>
			<array>
				<string>6003F5B9195388D20070C39A</string>
			</array>
			<key>isa</key>
			<string>PBXVariantGroup</string>
			<key>name</key>
			<string>InfoPlist.strings</string>
			<key>sourceTree</key>
			<string>&lt;group&gt;</string>
		</dict>
		<key>6003F5B9195388D20070C39A</key>
		<dict>
			<key>isa</key>
			<string>PBXFileReference</string>
			<key>lastKnownFileType</key>
			<string>text.plist.strings</string>
			<key>name</key>
			<string>en</string>
			<key>path</key>
			<string>en.lproj/InfoPlist.strings</string>
			<key>sourceTree</key>
			<string>&lt;group&gt;</string>
		</dict>
		<key>6003F5BA195388D20070C39A</key>
		<dict>
			<key>fileRef</key>
			<string>6003F5B8195388D20070C39A</string>
			<key>isa</key>
			<string>PBXBuildFile</string>
		</dict>
		<key>6003F5BB195388D20070C39A</key>
		<dict>
			<key>isa</key>
			<string>PBXFileReference</string>
			<key>lastKnownFileType</key>
			<string>sourcecode.c.objc</string>
			<key>path</key>
			<string>Tests.m</string>
			<key>sourceTree</key>
			<string>&lt;group&gt;</string>
		</dict>
		<key>6003F5BC195388D20070C39A</key>
		<dict>
			<key>fileRef</key>
			<string>6003F5BB195388D20070C39A</string>
			<key>isa</key>
			<string>PBXBuildFile</string>
		</dict>
		<key>6003F5BD195388D20070C39A</key>
		<dict>
			<key>buildSettings</key>
			<dict>
				<key>ALWAYS_SEARCH_USER_PATHS</key>
				<string>NO</string>
				<key>CLANG_CXX_LANGUAGE_STANDARD</key>
				<string>gnu++0x</string>
				<key>CLANG_CXX_LIBRARY</key>
				<string>libc++</string>
				<key>CLANG_ENABLE_MODULES</key>
				<string>YES</string>
				<key>CLANG_ENABLE_OBJC_ARC</key>
				<string>YES</string>
				<key>CLANG_WARN_BOOL_CONVERSION</key>
				<string>YES</string>
				<key>CLANG_WARN_CONSTANT_CONVERSION</key>
				<string>YES</string>
				<key>CLANG_WARN_DIRECT_OBJC_ISA_USAGE</key>
				<string>YES_ERROR</string>
				<key>CLANG_WARN_EMPTY_BODY</key>
				<string>YES</string>
				<key>CLANG_WARN_ENUM_CONVERSION</key>
				<string>YES</string>
				<key>CLANG_WARN_INT_CONVERSION</key>
				<string>YES</string>
				<key>CLANG_WARN_OBJC_ROOT_CLASS</key>
				<string>YES_ERROR</string>
				<key>CLANG_WARN__DUPLICATE_METHOD_MATCH</key>
				<string>YES</string>
				<key>CODE_SIGN_IDENTITY[sdk=iphoneos*]</key>
				<string>iPhone Developer</string>
				<key>COPY_PHASE_STRIP</key>
				<string>NO</string>
				<key>GCC_C_LANGUAGE_STANDARD</key>
				<string>gnu99</string>
				<key>GCC_DYNAMIC_NO_PIC</key>
				<string>NO</string>
				<key>GCC_OPTIMIZATION_LEVEL</key>
				<string>0</string>
				<key>GCC_PREPROCESSOR_DEFINITIONS</key>
				<array>
					<string>DEBUG=1</string>
					<string>$(inherited)</string>
				</array>
				<key>GCC_SYMBOLS_PRIVATE_EXTERN</key>
				<string>NO</string>
				<key>GCC_WARN_64_TO_32_BIT_CONVERSION</key>
				<string>YES</string>
				<key>GCC_WARN_ABOUT_RETURN_TYPE</key>
				<string>YES_ERROR</string>
				<key>GCC_WARN_UNDECLARED_SELECTOR</key>
				<string>YES</string>
				<key>GCC_WARN_UNINITIALIZED_AUTOS</key>
				<string>YES_AGGRESSIVE</string>
				<key>GCC_WARN_UNUSED_FUNCTION</key>
				<string>YES</string>
				<key>GCC_WARN_UNUSED_VARIABLE</key>
				<string>YES</string>
				<key>IPHONEOS_DEPLOYMENT_TARGET</key>
				<string>7.1</string>
				<key>ONLY_ACTIVE_ARCH</key>
				<string>YES</string>
				<key>SDKROOT</key>
				<string>iphoneos</string>
				<key>TARGETED_DEVICE_FAMILY</key>
				<string>1,2</string>
			</dict>
			<key>isa</key>
			<string>XCBuildConfiguration</string>
			<key>name</key>
			<string>Debug</string>
		</dict>
		<key>6003F5BE195388D20070C39A</key>
		<dict>
			<key>buildSettings</key>
			<dict>
				<key>ALWAYS_SEARCH_USER_PATHS</key>
				<string>NO</string>
				<key>CLANG_CXX_LANGUAGE_STANDARD</key>
				<string>gnu++0x</string>
				<key>CLANG_CXX_LIBRARY</key>
				<string>libc++</string>
				<key>CLANG_ENABLE_MODULES</key>
				<string>YES</string>
				<key>CLANG_ENABLE_OBJC_ARC</key>
				<string>YES</string>
				<key>CLANG_WARN_BOOL_CONVERSION</key>
				<string>YES</string>
				<key>CLANG_WARN_CONSTANT_CONVERSION</key>
				<string>YES</string>
				<key>CLANG_WARN_DIRECT_OBJC_ISA_USAGE</key>
				<string>YES_ERROR</string>
				<key>CLANG_WARN_EMPTY_BODY</key>
				<string>YES</string>
				<key>CLANG_WARN_ENUM_CONVERSION</key>
				<string>YES</string>
				<key>CLANG_WARN_INT_CONVERSION</key>
				<string>YES</string>
				<key>CLANG_WARN_OBJC_ROOT_CLASS</key>
				<string>YES_ERROR</string>
				<key>CLANG_WARN__DUPLICATE_METHOD_MATCH</key>
				<string>YES</string>
				<key>CODE_SIGN_IDENTITY[sdk=iphoneos*]</key>
				<string>iPhone Developer</string>
				<key>COPY_PHASE_STRIP</key>
				<string>YES</string>
				<key>ENABLE_NS_ASSERTIONS</key>
				<string>NO</string>
				<key>GCC_C_LANGUAGE_STANDARD</key>
				<string>gnu99</string>
				<key>GCC_WARN_64_TO_32_BIT_CONVERSION</key>
				<string>YES</string>
				<key>GCC_WARN_ABOUT_RETURN_TYPE</key>
				<string>YES_ERROR</string>
				<key>GCC_WARN_UNDECLARED_SELECTOR</key>
				<string>YES</string>
				<key>GCC_WARN_UNINITIALIZED_AUTOS</key>
				<string>YES_AGGRESSIVE</string>
				<key>GCC_WARN_UNUSED_FUNCTION</key>
				<string>YES</string>
				<key>GCC_WARN_UNUSED_VARIABLE</key>
				<string>YES</string>
				<key>IPHONEOS_DEPLOYMENT_TARGET</key>
				<string>7.1</string>
				<key>SDKROOT</key>
				<string>iphoneos</string>
				<key>TARGETED_DEVICE_FAMILY</key>
				<string>1,2</string>
				<key>VALIDATE_PRODUCT</key>
				<string>YES</string>
			</dict>
			<key>isa</key>
			<string>XCBuildConfiguration</string>
			<key>name</key>
			<string>Release</string>
		</dict>
		<key>6003F5BF195388D20070C39A</key>
		<dict>
			<key>buildConfigurations</key>
			<array>
				<string>6003F5C0195388D20070C39A</string>
				<string>6003F5C1195388D20070C39A</string>
			</array>
			<key>defaultConfigurationIsVisible</key>
			<string>0</string>
			<key>defaultConfigurationName</key>
			<string>Release</string>
			<key>isa</key>
			<string>XCConfigurationList</string>
		</dict>
		<key>6003F5C0195388D20070C39A</key>
		<dict>
			<key>baseConfigurationReference</key>
			<string>A520093EE4F47E7F8AD0CE9A</string>
			<key>buildSettings</key>
			<dict>
				<key>ASSETCATALOG_COMPILER_APPICON_NAME</key>
				<string>AppIcon</string>
				<key>ASSETCATALOG_COMPILER_LAUNCHIMAGE_NAME</key>
				<string>LaunchImage</string>
				<key>GCC_PRECOMPILE_PREFIX_HEADER</key>
				<string>YES</string>
				<key>GCC_PREFIX_HEADER</key>
				<string>OnlineImagePicker/OnlineImagePicker-Prefix.pch</string>
				<key>INFOPLIST_FILE</key>
				<string>OnlineImagePicker/OnlineImagePicker-Info.plist</string>
				<key>PRODUCT_NAME</key>
				<string>$(TARGET_NAME)</string>
				<key>WRAPPER_EXTENSION</key>
				<string>app</string>
			</dict>
			<key>isa</key>
			<string>XCBuildConfiguration</string>
			<key>name</key>
			<string>Debug</string>
		</dict>
		<key>6003F5C1195388D20070C39A</key>
		<dict>
			<key>baseConfigurationReference</key>
			<string>361DE8CAE0C17B61E2F0A0FA</string>
			<key>buildSettings</key>
			<dict>
				<key>ASSETCATALOG_COMPILER_APPICON_NAME</key>
				<string>AppIcon</string>
				<key>ASSETCATALOG_COMPILER_LAUNCHIMAGE_NAME</key>
				<string>LaunchImage</string>
				<key>GCC_PRECOMPILE_PREFIX_HEADER</key>
				<string>YES</string>
				<key>GCC_PREFIX_HEADER</key>
				<string>OnlineImagePicker/OnlineImagePicker-Prefix.pch</string>
				<key>INFOPLIST_FILE</key>
				<string>OnlineImagePicker/OnlineImagePicker-Info.plist</string>
				<key>PRODUCT_NAME</key>
				<string>$(TARGET_NAME)</string>
				<key>WRAPPER_EXTENSION</key>
				<string>app</string>
			</dict>
			<key>isa</key>
			<string>XCBuildConfiguration</string>
			<key>name</key>
			<string>Release</string>
		</dict>
		<key>6003F5C2195388D20070C39A</key>
		<dict>
			<key>buildConfigurations</key>
			<array>
				<string>6003F5C3195388D20070C39A</string>
				<string>6003F5C4195388D20070C39A</string>
			</array>
			<key>defaultConfigurationIsVisible</key>
			<string>0</string>
			<key>defaultConfigurationName</key>
			<string>Release</string>
			<key>isa</key>
			<string>XCConfigurationList</string>
		</dict>
		<key>6003F5C3195388D20070C39A</key>
		<dict>
			<key>baseConfigurationReference</key>
			<string>70DF86A73E9D20F29B7145E3</string>
			<key>buildSettings</key>
			<dict>
				<key>BUNDLE_LOADER</key>
				<string>$(BUILT_PRODUCTS_DIR)/OnlineImagePicker.app/OnlineImagePicker</string>
				<key>FRAMEWORK_SEARCH_PATHS</key>
				<array>
					<string>$(SDKROOT)/Developer/Library/Frameworks</string>
					<string>$(inherited)</string>
					<string>$(DEVELOPER_FRAMEWORKS_DIR)</string>
				</array>
				<key>GCC_PRECOMPILE_PREFIX_HEADER</key>
				<string>YES</string>
				<key>GCC_PREFIX_HEADER</key>
				<string>Tests/Tests-Prefix.pch</string>
				<key>GCC_PREPROCESSOR_DEFINITIONS</key>
				<array>
					<string>DEBUG=1</string>
					<string>$(inherited)</string>
				</array>
				<key>INFOPLIST_FILE</key>
				<string>Tests/Tests-Info.plist</string>
				<key>PRODUCT_NAME</key>
				<string>$(TARGET_NAME)</string>
				<key>TEST_HOST</key>
				<string>$(BUNDLE_LOADER)</string>
				<key>WRAPPER_EXTENSION</key>
				<string>xctest</string>
			</dict>
			<key>isa</key>
			<string>XCBuildConfiguration</string>
			<key>name</key>
			<string>Debug</string>
		</dict>
		<key>6003F5C4195388D20070C39A</key>
		<dict>
			<key>baseConfigurationReference</key>
			<string>674135948123ADBE6C22C160</string>
			<key>buildSettings</key>
			<dict>
				<key>BUNDLE_LOADER</key>
				<string>$(BUILT_PRODUCTS_DIR)/OnlineImagePicker.app/OnlineImagePicker</string>
				<key>FRAMEWORK_SEARCH_PATHS</key>
				<array>
					<string>$(SDKROOT)/Developer/Library/Frameworks</string>
					<string>$(inherited)</string>
					<string>$(DEVELOPER_FRAMEWORKS_DIR)</string>
				</array>
				<key>GCC_PRECOMPILE_PREFIX_HEADER</key>
				<string>YES</string>
				<key>GCC_PREFIX_HEADER</key>
				<string>Tests/Tests-Prefix.pch</string>
				<key>INFOPLIST_FILE</key>
				<string>Tests/Tests-Info.plist</string>
				<key>PRODUCT_NAME</key>
				<string>$(TARGET_NAME)</string>
				<key>TEST_HOST</key>
				<string>$(BUNDLE_LOADER)</string>
				<key>WRAPPER_EXTENSION</key>
				<string>xctest</string>
			</dict>
			<key>isa</key>
			<string>XCBuildConfiguration</string>
			<key>name</key>
			<string>Release</string>
		</dict>
		<key>606FC2411953D9B200FFA9A0</key>
		<dict>
			<key>isa</key>
			<string>PBXFileReference</string>
			<key>lastKnownFileType</key>
			<string>sourcecode.c.h</string>
			<key>path</key>
			<string>Tests-Prefix.pch</string>
			<key>sourceTree</key>
			<string>&lt;group&gt;</string>
		</dict>
		<key>60FF7A9C1954A5C5007DD14C</key>
		<dict>
			<key>children</key>
			<array>
				<string>A90B99FFF7DB01204A5829CE</string>
				<string>BE89399133026A00DB1C59C6</string>
				<string>BD67B87419D7252E005C8FD2</string>
			</array>
			<key>isa</key>
			<string>PBXGroup</string>
			<key>name</key>
			<string>Podspec Metadata</string>
			<key>sourceTree</key>
			<string>&lt;group&gt;</string>
		</dict>
		<key>674135948123ADBE6C22C160</key>
		<dict>
			<key>includeInIndex</key>
			<string>1</string>
			<key>isa</key>
			<string>PBXFileReference</string>
			<key>lastKnownFileType</key>
			<string>text.xcconfig</string>
			<key>name</key>
			<string>Pods-Tests.release.xcconfig</string>
			<key>path</key>
			<string>Pods/Target Support Files/Pods-Tests/Pods-Tests.release.xcconfig</string>
			<key>sourceTree</key>
			<string>&lt;group&gt;</string>
		</dict>
		<key>70DF86A73E9D20F29B7145E3</key>
		<dict>
			<key>includeInIndex</key>
			<string>1</string>
			<key>isa</key>
			<string>PBXFileReference</string>
			<key>lastKnownFileType</key>
			<string>text.xcconfig</string>
			<key>name</key>
			<string>Pods-Tests.debug.xcconfig</string>
			<key>path</key>
			<string>Pods/Target Support Files/Pods-Tests/Pods-Tests.debug.xcconfig</string>
			<key>sourceTree</key>
			<string>&lt;group&gt;</string>
		</dict>
		<key>8FEB229CF19C093F1787D9D4</key>
		<dict>
			<key>buildActionMask</key>
			<string>2147483647</string>
			<key>files</key>
			<array/>
			<key>inputPaths</key>
			<array/>
			<key>isa</key>
			<string>PBXShellScriptBuildPhase</string>
			<key>name</key>
			<string>Check Pods Manifest.lock</string>
			<key>outputPaths</key>
			<array/>
			<key>runOnlyForDeploymentPostprocessing</key>
			<string>0</string>
			<key>shellPath</key>
			<string>/bin/sh</string>
			<key>shellScript</key>
			<string>diff "${PODS_ROOT}/../Podfile.lock" "${PODS_ROOT}/Manifest.lock" &gt; /dev/null
if [[ $? != 0 ]] ; then
    cat &lt;&lt; EOM
error: The sandbox is not in sync with the Podfile.lock. Run 'pod install' or update your CocoaPods installation.
EOM
    exit 1
fi
</string>
			<key>showEnvVarsInLog</key>
			<string>0</string>
		</dict>
		<key>92E49985962E551C7F1C9A44</key>
		<dict>
			<key>explicitFileType</key>
			<string>archive.ar</string>
			<key>includeInIndex</key>
			<string>0</string>
			<key>isa</key>
			<string>PBXFileReference</string>
			<key>path</key>
			<string>libPods-Tests.a</string>
			<key>sourceTree</key>
			<string>BUILT_PRODUCTS_DIR</string>
		</dict>
		<key>970E8CCD970EB28DE390B8D0</key>
		<dict>
			<key>explicitFileType</key>
			<string>archive.ar</string>
			<key>includeInIndex</key>
			<string>0</string>
			<key>isa</key>
			<string>PBXFileReference</string>
			<key>path</key>
			<string>libPods-OnlineImagePicker.a</string>
			<key>sourceTree</key>
			<string>BUILT_PRODUCTS_DIR</string>
		</dict>
		<key>978E2F92B42E994238F4D391</key>
		<dict>
			<key>buildActionMask</key>
			<string>2147483647</string>
			<key>files</key>
			<array/>
			<key>inputPaths</key>
			<array/>
			<key>isa</key>
			<string>PBXShellScriptBuildPhase</string>
			<key>name</key>
			<string>Check Pods Manifest.lock</string>
			<key>outputPaths</key>
			<array/>
			<key>runOnlyForDeploymentPostprocessing</key>
			<string>0</string>
			<key>shellPath</key>
			<string>/bin/sh</string>
			<key>shellScript</key>
			<string>diff "${PODS_ROOT}/../Podfile.lock" "${PODS_ROOT}/Manifest.lock" &gt; /dev/null
if [[ $? != 0 ]] ; then
    cat &lt;&lt; EOM
error: The sandbox is not in sync with the Podfile.lock. Run 'pod install' or update your CocoaPods installation.
EOM
    exit 1
fi
</string>
			<key>showEnvVarsInLog</key>
			<string>0</string>
		</dict>
		<key>9A6F0B7CB87A1D1DEDA28893</key>
		<dict>
			<key>buildActionMask</key>
			<string>2147483647</string>
			<key>files</key>
			<array/>
			<key>inputPaths</key>
			<array/>
			<key>isa</key>
			<string>PBXShellScriptBuildPhase</string>
			<key>name</key>
			<string>Copy Pods Resources</string>
			<key>outputPaths</key>
			<array/>
			<key>runOnlyForDeploymentPostprocessing</key>
			<string>0</string>
			<key>shellPath</key>
			<string>/bin/sh</string>
			<key>shellScript</key>
			<string>"${SRCROOT}/Pods/Target Support Files/Pods-OnlineImagePicker/Pods-OnlineImagePicker-resources.sh"
</string>
			<key>showEnvVarsInLog</key>
			<string>0</string>
		</dict>
		<key>A520093EE4F47E7F8AD0CE9A</key>
		<dict>
			<key>includeInIndex</key>
			<string>1</string>
			<key>isa</key>
			<string>PBXFileReference</string>
			<key>lastKnownFileType</key>
			<string>text.xcconfig</string>
			<key>name</key>
			<string>Pods-OnlineImagePicker.debug.xcconfig</string>
			<key>path</key>
			<string>Pods/Target Support Files/Pods-OnlineImagePicker/Pods-OnlineImagePicker.debug.xcconfig</string>
			<key>sourceTree</key>
			<string>&lt;group&gt;</string>
		</dict>
		<key>A88EEF3EB1546308398AF621</key>
		<dict>
			<key>buildActionMask</key>
			<string>2147483647</string>
			<key>files</key>
			<array/>
			<key>inputPaths</key>
			<array/>
			<key>isa</key>
			<string>PBXShellScriptBuildPhase</string>
			<key>name</key>
			<string>Copy Pods Resources</string>
			<key>outputPaths</key>
			<array/>
			<key>runOnlyForDeploymentPostprocessing</key>
			<string>0</string>
			<key>shellPath</key>
			<string>/bin/sh</string>
			<key>shellScript</key>
			<string>"${SRCROOT}/Pods/Target Support Files/Pods-Tests/Pods-Tests-resources.sh"
</string>
			<key>showEnvVarsInLog</key>
			<string>0</string>
		</dict>
		<key>A90B99FFF7DB01204A5829CE</key>
		<dict>
			<key>includeInIndex</key>
			<string>1</string>
			<key>isa</key>
			<string>PBXFileReference</string>
			<key>lastKnownFileType</key>
			<string>text</string>
			<key>name</key>
			<string>OnlineImagePicker.podspec</string>
			<key>path</key>
			<string>../OnlineImagePicker.podspec</string>
			<key>sourceTree</key>
			<string>&lt;group&gt;</string>
		</dict>
		<key>BD34988A19DA1C7E0051F41C</key>
		<dict>
			<key>isa</key>
			<string>PBXFileReference</string>
			<key>lastKnownFileType</key>
			<string>sourcecode.c.h</string>
			<key>path</key>
			<string>InstagramAccount.h</string>
			<key>sourceTree</key>
			<string>&lt;group&gt;</string>
		</dict>
		<key>BD34988B19DA1C7E0051F41C</key>
		<dict>
			<key>isa</key>
			<string>PBXFileReference</string>
			<key>lastKnownFileType</key>
			<string>sourcecode.c.objc</string>
			<key>path</key>
			<string>InstagramAccount.m</string>
			<key>sourceTree</key>
			<string>&lt;group&gt;</string>
		</dict>
		<key>BD34988E19DB56E60051F41C</key>
		<dict>
			<key>isa</key>
			<string>PBXFileReference</string>
			<key>lastKnownFileType</key>
			<string>sourcecode.c.h</string>
			<key>name</key>
			<string>OnlineImageAccount.h</string>
			<key>path</key>
			<string>../OnlineImagePicker/OnlineImageAccount.h</string>
			<key>sourceTree</key>
			<string>&lt;group&gt;</string>
		</dict>
		<key>BD34C04919E341C10029A482</key>
		<dict>
			<key>isa</key>
			<string>PBXFileReference</string>
			<key>lastKnownFileType</key>
			<string>sourcecode.c.h</string>
			<key>path</key>
			<string>FlickrUserImagesSource.h</string>
			<key>sourceTree</key>
			<string>&lt;group&gt;</string>
		</dict>
		<key>BD34C04A19E341C10029A482</key>
		<dict>
			<key>isa</key>
			<string>PBXFileReference</string>
			<key>lastKnownFileType</key>
			<string>sourcecode.c.objc</string>
			<key>path</key>
			<string>FlickrUserImagesSource.m</string>
			<key>sourceTree</key>
			<string>&lt;group&gt;</string>
		</dict>
		<key>BD34C04B19E341D60029A482</key>
		<dict>
			<key>isa</key>
			<string>PBXFileReference</string>
			<key>lastKnownFileType</key>
			<string>sourcecode.c.h</string>
			<key>path</key>
			<string>FlickrImageInfo.h</string>
			<key>sourceTree</key>
			<string>&lt;group&gt;</string>
		</dict>
		<key>BD34C04C19E341D60029A482</key>
		<dict>
			<key>isa</key>
			<string>PBXFileReference</string>
			<key>lastKnownFileType</key>
			<string>sourcecode.c.objc</string>
			<key>path</key>
			<string>FlickrImageInfo.m</string>
			<key>sourceTree</key>
			<string>&lt;group&gt;</string>
		</dict>
		<key>BD34C04D19E341E30029A482</key>
		<dict>
			<key>isa</key>
			<string>PBXFileReference</string>
			<key>lastKnownFileType</key>
			<string>sourcecode.c.h</string>
			<key>path</key>
			<string>FlickrAccount.h</string>
			<key>sourceTree</key>
			<string>&lt;group&gt;</string>
		</dict>
		<key>BD34C04E19E341E30029A482</key>
		<dict>
			<key>isa</key>
			<string>PBXFileReference</string>
			<key>lastKnownFileType</key>
			<string>sourcecode.c.objc</string>
			<key>path</key>
			<string>FlickrAccount.m</string>
			<key>sourceTree</key>
			<string>&lt;group&gt;</string>
		</dict>
		<key>BD34C04F19E4729A0029A482</key>
		<dict>
			<key>isa</key>
			<string>PBXFileReference</string>
			<key>lastKnownFileType</key>
			<string>sourcecode.c.h</string>
			<key>path</key>
			<string>FlickrInterestingnessImageSource.h</string>
			<key>sourceTree</key>
			<string>&lt;group&gt;</string>
		</dict>
		<key>BD34C05019E4729A0029A482</key>
		<dict>
			<key>isa</key>
			<string>PBXFileReference</string>
			<key>lastKnownFileType</key>
			<string>sourcecode.c.objc</string>
			<key>path</key>
			<string>FlickrInterestingnessImageSource.m</string>
			<key>sourceTree</key>
			<string>&lt;group&gt;</string>
		</dict>
		<key>BD34C05119E482BA0029A482</key>
		<dict>
			<key>isa</key>
			<string>PBXFileReference</string>
			<key>lastKnownFileType</key>
			<string>sourcecode.c.h</string>
			<key>path</key>
			<string>FlickrImagesSource.h</string>
			<key>sourceTree</key>
			<string>&lt;group&gt;</string>
		</dict>
		<key>BD34C05219E482BA0029A482</key>
		<dict>
			<key>isa</key>
			<string>PBXFileReference</string>
			<key>lastKnownFileType</key>
			<string>sourcecode.c.objc</string>
			<key>path</key>
			<string>FlickrImagesSource.m</string>
			<key>sourceTree</key>
			<string>&lt;group&gt;</string>
		</dict>
		<key>BD67B84E19D70826005C8FD2</key>
		<dict>
			<key>children</key>
			<array>
				<string>BD67B85119D70849005C8FD2</string>
				<string>BD67B85319D70849005C8FD2</string>
				<string>BD67B85A19D70849005C8FD2</string>
				<string>BD67B85019D70849005C8FD2</string>
				<string>BD67B85819D70849005C8FD2</string>
				<string>BD67B85419D70849005C8FD2</string>
				<string>BD67B84F19D70849005C8FD2</string>
				<string>BD67B85219D70849005C8FD2</string>
				<string>BD67B85919D70849005C8FD2</string>
				<string>BD67B85519D70849005C8FD2</string>
				<string>BD67B85B19D70849005C8FD2</string>
				<string>BDA46B1A19DC713100FC6FB1</string>
				<string>BDA46B1B19DC713100FC6FB1</string>
			</array>
			<key>isa</key>
			<string>PBXGroup</string>
			<key>name</key>
			<string>OnlineImagePicker</string>
			<key>sourceTree</key>
			<string>&lt;group&gt;</string>
		</dict>
		<key>BD67B84F19D70849005C8FD2</key>
		<dict>
			<key>isa</key>
			<string>PBXFileReference</string>
			<key>lastKnownFileType</key>
			<string>sourcecode.c.h</string>
			<key>name</key>
			<string>OnlineImageInfo.h</string>
			<key>path</key>
			<string>../OnlineImagePicker/OnlineImageInfo.h</string>
			<key>sourceTree</key>
			<string>&lt;group&gt;</string>
		</dict>
		<key>BD67B85019D70849005C8FD2</key>
		<dict>
			<key>isa</key>
			<string>PBXFileReference</string>
			<key>lastKnownFileType</key>
			<string>sourcecode.c.h</string>
			<key>name</key>
			<string>OnlineImageManager.h</string>
			<key>path</key>
			<string>../OnlineImagePicker/OnlineImageManager.h</string>
			<key>sourceTree</key>
			<string>&lt;group&gt;</string>
		</dict>
		<key>BD67B85119D70849005C8FD2</key>
		<dict>
			<key>isa</key>
			<string>PBXFileReference</string>
			<key>lastKnownFileType</key>
			<string>sourcecode.c.h</string>
			<key>name</key>
			<string>OnlineImagePicker.h</string>
			<key>path</key>
			<string>../OnlineImagePicker/OnlineImagePicker.h</string>
			<key>sourceTree</key>
			<string>&lt;group&gt;</string>
		</dict>
		<key>BD67B85219D70849005C8FD2</key>
		<dict>
			<key>isa</key>
			<string>PBXFileReference</string>
			<key>lastKnownFileType</key>
			<string>sourcecode.c.h</string>
			<key>name</key>
			<string>OnlineImagePickerCell.h</string>
			<key>path</key>
			<string>../OnlineImagePicker/OnlineImagePickerCell.h</string>
			<key>sourceTree</key>
			<string>&lt;group&gt;</string>
		</dict>
		<key>BD67B85319D70849005C8FD2</key>
		<dict>
			<key>isa</key>
			<string>PBXFileReference</string>
			<key>lastKnownFileType</key>
			<string>sourcecode.c.h</string>
			<key>name</key>
			<string>OnlineImagePickerController.h</string>
			<key>path</key>
			<string>../OnlineImagePicker/OnlineImagePickerController.h</string>
			<key>sourceTree</key>
			<string>&lt;group&gt;</string>
		</dict>
		<key>BD67B85419D70849005C8FD2</key>
		<dict>
			<key>isa</key>
			<string>PBXFileReference</string>
			<key>lastKnownFileType</key>
			<string>sourcecode.c.h</string>
			<key>name</key>
			<string>OnlineImageSource.h</string>
			<key>path</key>
			<string>../OnlineImagePicker/OnlineImageSource.h</string>
			<key>sourceTree</key>
			<string>&lt;group&gt;</string>
		</dict>
		<key>BD67B85519D70849005C8FD2</key>
		<dict>
			<key>isa</key>
			<string>PBXFileReference</string>
			<key>lastKnownFileType</key>
			<string>sourcecode.c.h</string>
			<key>name</key>
			<string>SDWebImageInfo.h</string>
			<key>path</key>
			<string>../OnlineImagePicker/SDWebImageInfo.h</string>
			<key>sourceTree</key>
			<string>&lt;group&gt;</string>
		</dict>
		<key>BD67B85819D70849005C8FD2</key>
		<dict>
			<key>isa</key>
			<string>PBXFileReference</string>
			<key>lastKnownFileType</key>
			<string>sourcecode.c.objc</string>
			<key>name</key>
			<string>OnlineImageManager.m</string>
			<key>path</key>
			<string>../OnlineImagePicker/OnlineImageManager.m</string>
			<key>sourceTree</key>
			<string>&lt;group&gt;</string>
		</dict>
		<key>BD67B85919D70849005C8FD2</key>
		<dict>
			<key>isa</key>
			<string>PBXFileReference</string>
			<key>lastKnownFileType</key>
			<string>sourcecode.c.objc</string>
			<key>name</key>
			<string>OnlineImagePickerCell.m</string>
			<key>path</key>
			<string>../OnlineImagePicker/OnlineImagePickerCell.m</string>
			<key>sourceTree</key>
			<string>&lt;group&gt;</string>
		</dict>
		<key>BD67B85A19D70849005C8FD2</key>
		<dict>
			<key>isa</key>
			<string>PBXFileReference</string>
			<key>lastKnownFileType</key>
			<string>sourcecode.c.objc</string>
			<key>name</key>
			<string>OnlineImagePickerController.m</string>
			<key>path</key>
			<string>../OnlineImagePicker/OnlineImagePickerController.m</string>
			<key>sourceTree</key>
			<string>&lt;group&gt;</string>
		</dict>
		<key>BD67B85B19D70849005C8FD2</key>
		<dict>
			<key>isa</key>
			<string>PBXFileReference</string>
			<key>lastKnownFileType</key>
			<string>sourcecode.c.objc</string>
			<key>name</key>
			<string>SDWebImageInfo.m</string>
			<key>path</key>
			<string>../OnlineImagePicker/SDWebImageInfo.m</string>
			<key>sourceTree</key>
			<string>&lt;group&gt;</string>
		</dict>
		<key>BD67B85C19D70878005C8FD2</key>
		<dict>
			<key>children</key>
			<array>
				<string>BD67B85D19D7088C005C8FD2</string>
				<string>BD67B85F19D7088C005C8FD2</string>
				<string>BD34988E19DB56E60051F41C</string>
			</array>
			<key>isa</key>
			<string>PBXGroup</string>
			<key>name</key>
			<string>Accounts</string>
			<key>sourceTree</key>
			<string>&lt;group&gt;</string>
		</dict>
		<key>BD67B85D19D7088C005C8FD2</key>
		<dict>
			<key>isa</key>
			<string>PBXFileReference</string>
			<key>lastKnownFileType</key>
			<string>sourcecode.c.h</string>
			<key>name</key>
			<string>OnlineImageAccountsController.h</string>
			<key>path</key>
			<string>../OnlineImagePicker/OnlineImageAccountsController.h</string>
			<key>sourceTree</key>
			<string>&lt;group&gt;</string>
		</dict>
		<key>BD67B85F19D7088C005C8FD2</key>
		<dict>
			<key>isa</key>
			<string>PBXFileReference</string>
			<key>lastKnownFileType</key>
			<string>sourcecode.c.objc</string>
			<key>name</key>
			<string>OnlineImageAccountsController.m</string>
			<key>path</key>
			<string>../OnlineImagePicker/OnlineImageAccountsController.m</string>
			<key>sourceTree</key>
			<string>&lt;group&gt;</string>
		</dict>
		<key>BD67B86119D7089C005C8FD2</key>
		<dict>
			<key>children</key>
			<array>
				<string>BDA46B1419DC6EEB00FC6FB1</string>
				<string>BDA46B1519DC6EEB00FC6FB1</string>
				<string>BDA46B1C19DC946300FC6FB1</string>
				<string>BDA46B1D19DC946300FC6FB1</string>
				<string>BDA46B1E19DC98C100FC6FB1</string>
				<string>BDA46B1F19DC98C100FC6FB1</string>
				<string>BDA46B1619DC702F00FC6FB1</string>
				<string>BDA46B1719DC702F00FC6FB1</string>
				<string>BDA46B1819DC704300FC6FB1</string>
				<string>BDA46B1919DC704300FC6FB1</string>
			</array>
			<key>isa</key>
			<string>PBXGroup</string>
			<key>name</key>
			<string>Facebook</string>
			<key>path</key>
			<string>../OnlineImagePicker/Facebook</string>
			<key>sourceTree</key>
			<string>&lt;group&gt;</string>
		</dict>
		<key>BD67B86219D708AD005C8FD2</key>
		<dict>
			<key>children</key>
			<array>
				<string>BD34C04919E341C10029A482</string>
				<string>BD34C04A19E341C10029A482</string>
				<string>BD34C04F19E4729A0029A482</string>
				<string>BD34C05019E4729A0029A482</string>
				<string>BD34C05119E482BA0029A482</string>
				<string>BD34C05219E482BA0029A482</string>
				<string>BD34C04B19E341D60029A482</string>
				<string>BD34C04C19E341D60029A482</string>
				<string>BD34C04D19E341E30029A482</string>
				<string>BD34C04E19E341E30029A482</string>
			</array>
			<key>isa</key>
			<string>PBXGroup</string>
			<key>name</key>
			<string>Flickr</string>
			<key>path</key>
			<string>../OnlineImagePicker/Flickr</string>
			<key>sourceTree</key>
			<string>&lt;group&gt;</string>
		</dict>
		<key>BD67B86319D708B7005C8FD2</key>
		<dict>
			<key>children</key>
			<array>
				<string>BD67B86619D708B7005C8FD2</string>
				<string>BD67B86719D708B7005C8FD2</string>
				<string>BDA46B0C19DC5C9100FC6FB1</string>
				<string>BDA46B0D19DC5C9100FC6FB1</string>
				<string>BD67B87219D711B4005C8FD2</string>
				<string>BD67B87319D711B4005C8FD2</string>
				<string>BDA46B0E19DC663400FC6FB1</string>
				<string>BDA46B0F19DC663400FC6FB1</string>
				<string>BDA46B1019DC664A00FC6FB1</string>
				<string>BDA46B1119DC664A00FC6FB1</string>
				<string>BDA46B1219DC667400FC6FB1</string>
				<string>BDA46B1319DC667400FC6FB1</string>
				<string>BD67B86419D708B7005C8FD2</string>
				<string>BD67B86519D708B7005C8FD2</string>
				<string>BD34988A19DA1C7E0051F41C</string>
				<string>BD34988B19DA1C7E0051F41C</string>
			</array>
			<key>isa</key>
			<string>PBXGroup</string>
			<key>name</key>
			<string>Instagram</string>
			<key>path</key>
			<string>../OnlineImagePicker/Instagram</string>
			<key>sourceTree</key>
			<string>&lt;group&gt;</string>
		</dict>
		<key>BD67B86419D708B7005C8FD2</key>
		<dict>
			<key>isa</key>
			<string>PBXFileReference</string>
			<key>lastKnownFileType</key>
			<string>sourcecode.c.h</string>
			<key>path</key>
			<string>InstagramImageInfo.h</string>
			<key>sourceTree</key>
			<string>&lt;group&gt;</string>
		</dict>
		<key>BD67B86519D708B7005C8FD2</key>
		<dict>
			<key>isa</key>
			<string>PBXFileReference</string>
			<key>lastKnownFileType</key>
			<string>sourcecode.c.objc</string>
			<key>path</key>
			<string>InstagramImageInfo.m</string>
			<key>sourceTree</key>
			<string>&lt;group&gt;</string>
		</dict>
		<key>BD67B86619D708B7005C8FD2</key>
		<dict>
			<key>isa</key>
			<string>PBXFileReference</string>
			<key>lastKnownFileType</key>
			<string>sourcecode.c.h</string>
			<key>path</key>
			<string>InstagramUserImagesSource.h</string>
			<key>sourceTree</key>
			<string>&lt;group&gt;</string>
		</dict>
		<key>BD67B86719D708B7005C8FD2</key>
		<dict>
			<key>isa</key>
			<string>PBXFileReference</string>
			<key>lastKnownFileType</key>
			<string>sourcecode.c.objc</string>
			<key>path</key>
			<string>InstagramUserImagesSource.m</string>
			<key>sourceTree</key>
			<string>&lt;group&gt;</string>
		</dict>
		<key>BD67B86819D708C5005C8FD2</key>
		<dict>
			<key>children</key>
			<array>
				<string>BD67B86D19D708C5005C8FD2</string>
				<string>BD67B86E19D708C5005C8FD2</string>
				<string>BD67B86919D708C5005C8FD2</string>
				<string>BD67B86A19D708C5005C8FD2</string>
				<string>BD67B86B19D708C5005C8FD2</string>
				<string>BD67B86C19D708C5005C8FD2</string>
				<string>BD67B86F19D708C5005C8FD2</string>
				<string>BD67B87019D708C5005C8FD2</string>
			</array>
			<key>isa</key>
			<string>PBXGroup</string>
			<key>name</key>
			<string>PhotoLibrary</string>
			<key>path</key>
			<string>../OnlineImagePicker/PhotoLibrary</string>
			<key>sourceTree</key>
			<string>&lt;group&gt;</string>
		</dict>
		<key>BD67B86919D708C5005C8FD2</key>
		<dict>
			<key>isa</key>
			<string>PBXFileReference</string>
			<key>lastKnownFileType</key>
			<string>sourcecode.c.h</string>
			<key>path</key>
			<string>ALAssetImageInfo.h</string>
			<key>sourceTree</key>
			<string>&lt;group&gt;</string>
		</dict>
		<key>BD67B86A19D708C5005C8FD2</key>
		<dict>
			<key>isa</key>
			<string>PBXFileReference</string>
			<key>lastKnownFileType</key>
			<string>sourcecode.c.objc</string>
			<key>path</key>
			<string>ALAssetImageInfo.m</string>
			<key>sourceTree</key>
			<string>&lt;group&gt;</string>
		</dict>
		<key>BD67B86B19D708C5005C8FD2</key>
		<dict>
			<key>isa</key>
			<string>PBXFileReference</string>
			<key>lastKnownFileType</key>
			<string>sourcecode.c.h</string>
			<key>path</key>
			<string>PhotoLibraryImageInfo.h</string>
			<key>sourceTree</key>
			<string>&lt;group&gt;</string>
		</dict>
		<key>BD67B86C19D708C5005C8FD2</key>
		<dict>
			<key>isa</key>
			<string>PBXFileReference</string>
			<key>lastKnownFileType</key>
			<string>sourcecode.c.objc</string>
			<key>path</key>
			<string>PhotoLibraryImageInfo.m</string>
			<key>sourceTree</key>
			<string>&lt;group&gt;</string>
		</dict>
		<key>BD67B86D19D708C5005C8FD2</key>
		<dict>
			<key>isa</key>
			<string>PBXFileReference</string>
			<key>lastKnownFileType</key>
			<string>sourcecode.c.h</string>
			<key>path</key>
			<string>PhotoLibraryImageSource.h</string>
			<key>sourceTree</key>
			<string>&lt;group&gt;</string>
		</dict>
		<key>BD67B86E19D708C5005C8FD2</key>
		<dict>
			<key>isa</key>
			<string>PBXFileReference</string>
			<key>lastKnownFileType</key>
			<string>sourcecode.c.objc</string>
			<key>path</key>
			<string>PhotoLibraryImageSource.m</string>
			<key>sourceTree</key>
			<string>&lt;group&gt;</string>
		</dict>
		<key>BD67B86F19D708C5005C8FD2</key>
		<dict>
			<key>isa</key>
			<string>PBXFileReference</string>
			<key>lastKnownFileType</key>
			<string>sourcecode.c.h</string>
			<key>path</key>
			<string>PhotoLibraryRequestOperation.h</string>
			<key>sourceTree</key>
			<string>&lt;group&gt;</string>
		</dict>
		<key>BD67B87019D708C5005C8FD2</key>
		<dict>
			<key>isa</key>
			<string>PBXFileReference</string>
			<key>lastKnownFileType</key>
			<string>sourcecode.c.objc</string>
			<key>path</key>
			<string>PhotoLibraryRequestOperation.m</string>
			<key>sourceTree</key>
			<string>&lt;group&gt;</string>
		</dict>
		<key>BD67B87119D708D7005C8FD2</key>
		<dict>
			<key>children</key>
			<array>
				<string>BDA46B2419DCAB6600FC6FB1</string>
				<string>BDA46B2519DCAB6600FC6FB1</string>
				<string>BDA46B2019DCAB4200FC6FB1</string>
				<string>BDA46B2119DCAB4200FC6FB1</string>
				<string>BDA46B2219DCAB4F00FC6FB1</string>
				<string>BDA46B2319DCAB4F00FC6FB1</string>
			</array>
			<key>isa</key>
			<string>PBXGroup</string>
			<key>name</key>
			<string>Dropbox</string>
			<key>path</key>
			<string>../OnlineImagePicker/Dropbox</string>
			<key>sourceTree</key>
			<string>&lt;group&gt;</string>
		</dict>
		<key>BD67B87219D711B4005C8FD2</key>
		<dict>
			<key>isa</key>
			<string>PBXFileReference</string>
			<key>lastKnownFileType</key>
			<string>sourcecode.c.h</string>
			<key>path</key>
			<string>InstagramPopularImagesSource.h</string>
			<key>sourceTree</key>
			<string>&lt;group&gt;</string>
		</dict>
		<key>BD67B87319D711B4005C8FD2</key>
		<dict>
			<key>isa</key>
			<string>PBXFileReference</string>
			<key>lastKnownFileType</key>
			<string>sourcecode.c.objc</string>
			<key>path</key>
			<string>InstagramPopularImagesSource.m</string>
			<key>sourceTree</key>
			<string>&lt;group&gt;</string>
		</dict>
		<key>BD67B87419D7252E005C8FD2</key>
		<dict>
			<key>isa</key>
			<string>PBXFileReference</string>
			<key>lastKnownFileType</key>
			<string>text</string>
			<key>name</key>
			<string>LICENSE.txt</string>
			<key>path</key>
			<string>../LICENSE.txt</string>
			<key>sourceTree</key>
			<string>&lt;group&gt;</string>
		</dict>
		<key>BD67B87619D73600005C8FD2</key>
		<dict>
			<key>isa</key>
			<string>PBXFileReference</string>
			<key>lastKnownFileType</key>
			<string>folder</string>
			<key>name</key>
			<string>Localization</string>
			<key>path</key>
			<string>../OnlineImagePicker/Localization</string>
			<key>sourceTree</key>
			<string>&lt;group&gt;</string>
		</dict>
		<key>BDA46B0C19DC5C9100FC6FB1</key>
		<dict>
			<key>isa</key>
			<string>PBXFileReference</string>
			<key>lastKnownFileType</key>
			<string>sourcecode.c.h</string>
			<key>path</key>
			<string>InstagramUserFeedImageSource.h</string>
			<key>sourceTree</key>
			<string>&lt;group&gt;</string>
		</dict>
		<key>BDA46B0D19DC5C9100FC6FB1</key>
		<dict>
			<key>isa</key>
			<string>PBXFileReference</string>
			<key>lastKnownFileType</key>
			<string>sourcecode.c.objc</string>
			<key>path</key>
			<string>InstagramUserFeedImageSource.m</string>
			<key>sourceTree</key>
			<string>&lt;group&gt;</string>
		</dict>
		<key>BDA46B0E19DC663400FC6FB1</key>
		<dict>
			<key>isa</key>
			<string>PBXFileReference</string>
			<key>lastKnownFileType</key>
			<string>sourcecode.c.h</string>
			<key>path</key>
			<string>InstagramLocationImagesSource.h</string>
			<key>sourceTree</key>
			<string>&lt;group&gt;</string>
		</dict>
		<key>BDA46B0F19DC663400FC6FB1</key>
		<dict>
			<key>isa</key>
			<string>PBXFileReference</string>
			<key>lastKnownFileType</key>
			<string>sourcecode.c.objc</string>
			<key>path</key>
			<string>InstagramLocationImagesSource.m</string>
			<key>sourceTree</key>
			<string>&lt;group&gt;</string>
		</dict>
		<key>BDA46B1019DC664A00FC6FB1</key>
		<dict>
			<key>isa</key>
			<string>PBXFileReference</string>
			<key>lastKnownFileType</key>
			<string>sourcecode.c.h</string>
			<key>path</key>
			<string>InstagramSelfLikedImagesSource.h</string>
			<key>sourceTree</key>
			<string>&lt;group&gt;</string>
		</dict>
		<key>BDA46B1119DC664A00FC6FB1</key>
		<dict>
			<key>isa</key>
			<string>PBXFileReference</string>
			<key>lastKnownFileType</key>
			<string>sourcecode.c.objc</string>
			<key>path</key>
			<string>InstagramSelfLikedImagesSource.m</string>
			<key>sourceTree</key>
			<string>&lt;group&gt;</string>
		</dict>
		<key>BDA46B1219DC667400FC6FB1</key>
		<dict>
			<key>isa</key>
			<string>PBXFileReference</string>
			<key>lastKnownFileType</key>
			<string>sourcecode.c.h</string>
			<key>path</key>
			<string>InstagramTaggedImagesSource.h</string>
			<key>sourceTree</key>
			<string>&lt;group&gt;</string>
		</dict>
		<key>BDA46B1319DC667400FC6FB1</key>
		<dict>
			<key>isa</key>
			<string>PBXFileReference</string>
			<key>lastKnownFileType</key>
			<string>sourcecode.c.objc</string>
			<key>path</key>
			<string>InstagramTaggedImagesSource.m</string>
			<key>sourceTree</key>
			<string>&lt;group&gt;</string>
		</dict>
		<key>BDA46B1419DC6EEB00FC6FB1</key>
		<dict>
			<key>isa</key>
			<string>PBXFileReference</string>
			<key>lastKnownFileType</key>
			<string>sourcecode.c.h</string>
			<key>path</key>
			<string>FacebookMyUploadedImagesSource.h</string>
			<key>sourceTree</key>
			<string>&lt;group&gt;</string>
		</dict>
		<key>BDA46B1519DC6EEB00FC6FB1</key>
		<dict>
			<key>isa</key>
			<string>PBXFileReference</string>
			<key>lastKnownFileType</key>
			<string>sourcecode.c.objc</string>
			<key>path</key>
			<string>FacebookMyUploadedImagesSource.m</string>
			<key>sourceTree</key>
			<string>&lt;group&gt;</string>
		</dict>
		<key>BDA46B1619DC702F00FC6FB1</key>
		<dict>
			<key>isa</key>
			<string>PBXFileReference</string>
			<key>lastKnownFileType</key>
			<string>sourcecode.c.h</string>
			<key>path</key>
			<string>FacebookImageInfo.h</string>
			<key>sourceTree</key>
			<string>&lt;group&gt;</string>
		</dict>
		<key>BDA46B1719DC702F00FC6FB1</key>
		<dict>
			<key>isa</key>
			<string>PBXFileReference</string>
			<key>lastKnownFileType</key>
			<string>sourcecode.c.objc</string>
			<key>path</key>
			<string>FacebookImageInfo.m</string>
			<key>sourceTree</key>
			<string>&lt;group&gt;</string>
		</dict>
		<key>BDA46B1819DC704300FC6FB1</key>
		<dict>
			<key>isa</key>
			<string>PBXFileReference</string>
			<key>lastKnownFileType</key>
			<string>sourcecode.c.h</string>
			<key>path</key>
			<string>FacebookAccount.h</string>
			<key>sourceTree</key>
			<string>&lt;group&gt;</string>
		</dict>
		<key>BDA46B1919DC704300FC6FB1</key>
		<dict>
			<key>isa</key>
			<string>PBXFileReference</string>
			<key>lastKnownFileType</key>
			<string>sourcecode.c.objc</string>
			<key>path</key>
			<string>FacebookAccount.m</string>
			<key>sourceTree</key>
			<string>&lt;group&gt;</string>
		</dict>
		<key>BDA46B1A19DC713100FC6FB1</key>
		<dict>
			<key>isa</key>
			<string>PBXFileReference</string>
			<key>lastKnownFileType</key>
			<string>sourcecode.c.h</string>
			<key>name</key>
			<string>OnlineImageLoginController.h</string>
			<key>path</key>
			<string>../OnlineImagePicker/OnlineImageLoginController.h</string>
			<key>sourceTree</key>
			<string>&lt;group&gt;</string>
		</dict>
		<key>BDA46B1B19DC713100FC6FB1</key>
		<dict>
			<key>isa</key>
			<string>PBXFileReference</string>
			<key>lastKnownFileType</key>
			<string>sourcecode.c.objc</string>
			<key>name</key>
			<string>OnlineImageLoginController.m</string>
			<key>path</key>
			<string>../OnlineImagePicker/OnlineImageLoginController.m</string>
			<key>sourceTree</key>
			<string>&lt;group&gt;</string>
		</dict>
		<key>BDA46B1C19DC946300FC6FB1</key>
		<dict>
			<key>isa</key>
			<string>PBXFileReference</string>
			<key>lastKnownFileType</key>
			<string>sourcecode.c.h</string>
			<key>path</key>
			<string>FacebookImagesOfMeSource.h</string>
			<key>sourceTree</key>
			<string>&lt;group&gt;</string>
		</dict>
		<key>BDA46B1D19DC946300FC6FB1</key>
		<dict>
			<key>isa</key>
			<string>PBXFileReference</string>
			<key>lastKnownFileType</key>
			<string>sourcecode.c.objc</string>
			<key>path</key>
			<string>FacebookImagesOfMeSource.m</string>
			<key>sourceTree</key>
			<string>&lt;group&gt;</string>
		</dict>
		<key>BDA46B1E19DC98C100FC6FB1</key>
		<dict>
			<key>isa</key>
			<string>PBXFileReference</string>
			<key>lastKnownFileType</key>
			<string>sourcecode.c.h</string>
			<key>path</key>
			<string>FacebookImageSource.h</string>
			<key>sourceTree</key>
			<string>&lt;group&gt;</string>
		</dict>
		<key>BDA46B1F19DC98C100FC6FB1</key>
		<dict>
			<key>isa</key>
			<string>PBXFileReference</string>
			<key>lastKnownFileType</key>
			<string>sourcecode.c.objc</string>
			<key>path</key>
			<string>FacebookImageSource.m</string>
			<key>sourceTree</key>
			<string>&lt;group&gt;</string>
		</dict>
		<key>BDA46B2019DCAB4200FC6FB1</key>
		<dict>
			<key>isa</key>
			<string>PBXFileReference</string>
			<key>lastKnownFileType</key>
			<string>sourcecode.c.h</string>
			<key>path</key>
			<string>DropboxImageInfo.h</string>
			<key>sourceTree</key>
			<string>&lt;group&gt;</string>
		</dict>
		<key>BDA46B2119DCAB4200FC6FB1</key>
		<dict>
			<key>isa</key>
			<string>PBXFileReference</string>
			<key>lastKnownFileType</key>
			<string>sourcecode.c.objc</string>
			<key>path</key>
			<string>DropboxImageInfo.m</string>
			<key>sourceTree</key>
			<string>&lt;group&gt;</string>
		</dict>
		<key>BDA46B2219DCAB4F00FC6FB1</key>
		<dict>
			<key>isa</key>
			<string>PBXFileReference</string>
			<key>lastKnownFileType</key>
			<string>sourcecode.c.h</string>
			<key>path</key>
			<string>DropboxAccount.h</string>
			<key>sourceTree</key>
			<string>&lt;group&gt;</string>
		</dict>
		<key>BDA46B2319DCAB4F00FC6FB1</key>
		<dict>
			<key>isa</key>
			<string>PBXFileReference</string>
			<key>lastKnownFileType</key>
			<string>sourcecode.c.objc</string>
			<key>path</key>
			<string>DropboxAccount.m</string>
			<key>sourceTree</key>
			<string>&lt;group&gt;</string>
		</dict>
		<key>BDA46B2419DCAB6600FC6FB1</key>
		<dict>
			<key>isa</key>
			<string>PBXFileReference</string>
			<key>lastKnownFileType</key>
			<string>sourcecode.c.h</string>
			<key>path</key>
			<string>DropboxImagesSource.h</string>
			<key>sourceTree</key>
			<string>&lt;group&gt;</string>
		</dict>
		<key>BDA46B2519DCAB6600FC6FB1</key>
		<dict>
			<key>isa</key>
			<string>PBXFileReference</string>
			<key>lastKnownFileType</key>
			<string>sourcecode.c.objc</string>
			<key>path</key>
			<string>DropboxImagesSource.m</string>
			<key>sourceTree</key>
			<string>&lt;group&gt;</string>
		</dict>
		<key>BE89399133026A00DB1C59C6</key>
		<dict>
			<key>includeInIndex</key>
			<string>1</string>
			<key>isa</key>
			<string>PBXFileReference</string>
			<key>lastKnownFileType</key>
			<string>net.daringfireball.markdown</string>
			<key>name</key>
			<string>README.md</string>
			<key>path</key>
			<string>../README.md</string>
			<key>sourceTree</key>
			<string>&lt;group&gt;</string>
		</dict>
		<key>C2B1A510A1F402602B5A6952</key>
		<dict>
			<key>children</key>
			<array>
				<string>A520093EE4F47E7F8AD0CE9A</string>
				<string>361DE8CAE0C17B61E2F0A0FA</string>
				<string>70DF86A73E9D20F29B7145E3</string>
				<string>674135948123ADBE6C22C160</string>
			</array>
			<key>isa</key>
			<string>PBXGroup</string>
			<key>name</key>
			<string>Pods</string>
			<key>sourceTree</key>
			<string>&lt;group&gt;</string>
		</dict>
		<key>E1FDC6ED07C3BB1C0060A58F</key>
		<dict>
			<key>fileRef</key>
			<string>970E8CCD970EB28DE390B8D0</string>
			<key>isa</key>
			<string>PBXBuildFile</string>
		</dict>
	</dict>
	<key>rootObject</key>
	<string>6003F582195388D10070C39A</string>
</dict>
</plist>
